
Microsoft Visual Studio Solution File, Format Version 12.00
# Visual Studio Version 16
VisualStudioVersion = 16.0.33130.400
MinimumVisualStudioVersion = 10.0.40219.1
Project("{9A19103F-16F7-4668-BE54-9A1E7A4F7556}") = "BorrowingMicroservice", "BorrowingMicroservice\BorrowingMicroservice.csproj", "{72B4F3DF-F630-47D3-83A9-2663B97D6A31}"
EndProject
Project("{FAE04EC0-301F-11D3-BF4B-00C04F79EFBC}") = "BorrowingMicroservice.Test", "BorrowingMicroservice.Test\BorrowingMicroservice.Test.csproj", "{8973E0B3-1D65-47B8-B271-6BEA443EE121}"
EndProject
Global
	GlobalSection(SolutionConfigurationPlatforms) = preSolution
		Debug|Any CPU = Debug|Any CPU
		Release|Any CPU = Release|Any CPU
	EndGlobalSection
	GlobalSection(ProjectConfigurationPlatforms) = postSolution
		{72B4F3DF-F630-47D3-83A9-2663B97D6A31}.Debug|Any CPU.ActiveCfg = Debug|Any CPU
		{72B4F3DF-F630-47D3-83A9-2663B97D6A31}.Debug|Any CPU.Build.0 = Debug|Any CPU
		{72B4F3DF-F630-47D3-83A9-2663B97D6A31}.Release|Any CPU.ActiveCfg = Release|Any CPU
		{72B4F3DF-F630-47D3-83A9-2663B97D6A31}.Release|Any CPU.Build.0 = Release|Any CPU
		{8973E0B3-1D65-47B8-B271-6BEA443EE121}.Debug|Any CPU.ActiveCfg = Debug|Any CPU
		{8973E0B3-1D65-47B8-B271-6BEA443EE121}.Debug|Any CPU.Build.0 = Debug|Any CPU
		{8973E0B3-1D65-47B8-B271-6BEA443EE121}.Release|Any CPU.ActiveCfg = Release|Any CPU
		{8973E0B3-1D65-47B8-B271-6BEA443EE121}.Release|Any CPU.Build.0 = Release|Any CPU
	EndGlobalSection
	GlobalSection(SolutionProperties) = preSolution
		HideSolutionNode = FALSE
	EndGlobalSection
	GlobalSection(ExtensibilityGlobals) = postSolution
		SolutionGuid = {5D48FF4D-057C-4291-A090-49E98356ABB6}
	EndGlobalSection
EndGlobal
